
Microsoft Visual Studio Solution File, Format Version 12.00
# Visual Studio Version 17
VisualStudioVersion = 17.7.34031.279
MinimumVisualStudioVersion = 10.0.40219.1
Project("{FAE04EC0-301F-11D3-BF4B-00C04F79EFBC}") = "ConsumerAndMailer", "ConsumerAndMailer.csproj", "{BE42E15E-2D3B-424E-A0EF-FF14649EA540}"
EndProject
Global
	GlobalSection(SolutionConfigurationPlatforms) = preSolution
		Debug|Any CPU = Debug|Any CPU
		Release|Any CPU = Release|Any CPU
	EndGlobalSection
	GlobalSection(ProjectConfigurationPlatforms) = postSolution
		{BE42E15E-2D3B-424E-A0EF-FF14649EA540}.Debug|Any CPU.ActiveCfg = Debug|Any CPU
		{BE42E15E-2D3B-424E-A0EF-FF14649EA540}.Debug|Any CPU.Build.0 = Debug|Any CPU
		{BE42E15E-2D3B-424E-A0EF-FF14649EA540}.Release|Any CPU.ActiveCfg = Release|Any CPU
		{BE42E15E-2D3B-424E-A0EF-FF14649EA540}.Release|Any CPU.Build.0 = Release|Any CPU
	EndGlobalSection
	GlobalSection(SolutionProperties) = preSolution
		HideSolutionNode = FALSE
	EndGlobalSection
	GlobalSection(ExtensibilityGlobals) = postSolution
		SolutionGuid = {E6A2CF36-33B1-408E-B255-18B170CC3893}
	EndGlobalSection
EndGlobal
